
Microsoft Visual Studio Solution File, Format Version 12.00
# Visual Studio 15
VisualStudioVersion = 15.0.28307.757
MinimumVisualStudioVersion = 10.0.40219.1
Project("{FAE04EC0-301F-11D3-BF4B-00C04F79EFBC}") = "ViewFep", "ViewFep\ViewFep.csproj", "{A2FC8086-9CD6-4F88-93F7-6A228389A79E}"
EndProject
Global
	GlobalSection(SolutionConfigurationPlatforms) = preSolution
		Debug|Any CPU = Debug|Any CPU
		Release|Any CPU = Release|Any CPU
	EndGlobalSection
	GlobalSection(ProjectConfigurationPlatforms) = postSolution
		{A2FC8086-9CD6-4F88-93F7-6A228389A79E}.Debug|Any CPU.ActiveCfg = Debug|Any CPU
		{A2FC8086-9CD6-4F88-93F7-6A228389A79E}.Debug|Any CPU.Build.0 = Debug|Any CPU
		{A2FC8086-9CD6-4F88-93F7-6A228389A79E}.Release|Any CPU.ActiveCfg = Release|Any CPU
		{A2FC8086-9CD6-4F88-93F7-6A228389A79E}.Release|Any CPU.Build.0 = Release|Any CPU
	EndGlobalSection
	GlobalSection(SolutionProperties) = preSolution
		HideSolutionNode = FALSE
	EndGlobalSection
	GlobalSection(ExtensibilityGlobals) = postSolution
		SolutionGuid = {D811B60A-593D-4EB4-BCC0-F6C0235B84F9}
	EndGlobalSection
EndGlobal
